uuid: 701efaf2-0cd4-4245-b402-5aea72447cb2
langcode: en
status: true
dependencies:
  config:
    - block_content.type.profile_picture_homepage
    - field.storage.block_content.field_footer_block
id: block_content.profile_picture_homepage.field_footer_block
field_name: field_footer_block
entity_type: block_content
bundle: profile_picture_homepage
label: 'Footer block'
description: ''
required: false
translatable: false
default_value: {  }
default_value_callback: ''
settings:
  handler: 'default:user'
  handler_settings:
    target_bundles: null
    sort:
      field: _none
      direction: ASC
    auto_create: false
    filter:
      type: _none
    include_anonymous: false
field_type: entity_reference
